
Microsoft Visual Studio Solution File, Format Version 12.00
Project("{FAE04EC0-301F-11D3-BF4B-00C04F79EFBC}") = "ServerMonitoringSystem.Collector", "ServerMonitoringSystem.Collector\ServerMonitoringSystem.Collector.csproj", "{5F6C9C6F-DBE0-49D8-BA39-9427497D2195}"
EndProject
Project("{2150E333-8FDC-42A3-9474-1A3956D46DE8}") = "Solution Items", "Solution Items", "{9F9C7259-ED7E-46B9-B887-3E39B44AF37B}"
	ProjectSection(SolutionItems) = preProject
		docker-compose.yml = docker-compose.yml
	EndProjectSection
EndProject
Project("{FAE04EC0-301F-11D3-BF4B-00C04F79EFBC}") = "ServerMonitoringSystem.Analyzer", "ServerMonitoringSystem.Analyzer\ServerMonitoringSystem.Analyzer.csproj", "{5AA6EFAE-DA0B-43E5-A485-63B5D26345D3}"
EndProject
Project("{FAE04EC0-301F-11D3-BF4B-00C04F79EFBC}") = "ServerMonitoringSystem.Common", "ServerMonitoringSystem.Common\ServerMonitoringSystem.Common.csproj", "{4D5EBA44-4614-4B20-9681-D30319CBF912}"
EndProject
Project("{FAE04EC0-301F-11D3-BF4B-00C04F79EFBC}") = "ServerMonitoringSystem.Messaging.RabbitMq", "ServerMonitoringSystem.Messaging.RabbitMq\ServerMonitoringSystem.Messaging.RabbitMq.csproj", "{87CE8F68-F37C-4644-8BC5-6E1A52ECA811}"
EndProject
Global
	GlobalSection(SolutionConfigurationPlatforms) = preSolution
		Debug|Any CPU = Debug|Any CPU
		Release|Any CPU = Release|Any CPU
	EndGlobalSection
	GlobalSection(ProjectConfigurationPlatforms) = postSolution
		{5F6C9C6F-DBE0-49D8-BA39-9427497D2195}.Debug|Any CPU.ActiveCfg = Debug|Any CPU
		{5F6C9C6F-DBE0-49D8-BA39-9427497D2195}.Debug|Any CPU.Build.0 = Debug|Any CPU
		{5F6C9C6F-DBE0-49D8-BA39-9427497D2195}.Release|Any CPU.ActiveCfg = Release|Any CPU
		{5F6C9C6F-DBE0-49D8-BA39-9427497D2195}.Release|Any CPU.Build.0 = Release|Any CPU
		{5AA6EFAE-DA0B-43E5-A485-63B5D26345D3}.Debug|Any CPU.ActiveCfg = Debug|Any CPU
		{5AA6EFAE-DA0B-43E5-A485-63B5D26345D3}.Debug|Any CPU.Build.0 = Debug|Any CPU
		{5AA6EFAE-DA0B-43E5-A485-63B5D26345D3}.Release|Any CPU.ActiveCfg = Release|Any CPU
		{5AA6EFAE-DA0B-43E5-A485-63B5D26345D3}.Release|Any CPU.Build.0 = Release|Any CPU
		{4D5EBA44-4614-4B20-9681-D30319CBF912}.Debug|Any CPU.ActiveCfg = Debug|Any CPU
		{4D5EBA44-4614-4B20-9681-D30319CBF912}.Debug|Any CPU.Build.0 = Debug|Any CPU
		{4D5EBA44-4614-4B20-9681-D30319CBF912}.Release|Any CPU.ActiveCfg = Release|Any CPU
		{4D5EBA44-4614-4B20-9681-D30319CBF912}.Release|Any CPU.Build.0 = Release|Any CPU
		{87CE8F68-F37C-4644-8BC5-6E1A52ECA811}.Debug|Any CPU.ActiveCfg = Debug|Any CPU
		{87CE8F68-F37C-4644-8BC5-6E1A52ECA811}.Debug|Any CPU.Build.0 = Debug|Any CPU
		{87CE8F68-F37C-4644-8BC5-6E1A52ECA811}.Release|Any CPU.ActiveCfg = Release|Any CPU
		{87CE8F68-F37C-4644-8BC5-6E1A52ECA811}.Release|Any CPU.Build.0 = Release|Any CPU
	EndGlobalSection
EndGlobal
